# This file is automatically @generated by Cargo.
# It is not intended for manual editing.
version = 3

[[package]]
name = "html-builder"
version = "0.3.0"
source = "registry+https://github.com/rust-lang/crates.io-index"
checksum = "f9eeaf0c6018366bd18892177b648114fb95ea36022a29cd448c64f350b1bcb4"

[[package]]
name = "personal-website"
version = "0.1.0"
dependencies = [
 "html-builder",
]
